<?xml version="1.0" encoding="utf-8"?>
<Project ToolsVersion="4.0" xmlns="http://schemas.microsoft.com/developer/msbuild/2003">
  <ItemGroup>
    <Filter Include="Source Files">
      <UniqueIdentifier>{4FC737F1-C7A5-4376-A066-2A32D752A2FF}</UniqueIdentifier>
      <Extensions>cpp;c;cc;cxx;def;odl;idl;hpj;bat;asm;asmx</Extensions>
    </Filter>
    <Filter Include="Header Files">
      <UniqueIdentifier>{93995380-89BD-4b04-88EB-625FBE52EBFB}</UniqueIdentifier>
      <Extensions>h;hh;hpp;hxx;hm;inl;inc;xsd</Extensions>
    </Filter>
    <Filter Include="Resource Files">
      <UniqueIdentifier>{67DA6AB6-F800-4c08-8B7A-83BB121AAD01}</UniqueIdentifier>
      <Extensions>rc;ico;cur;bmp;dlg;rc2;rct;bin;rgs;gif;jpg;jpeg;jpe;resx;tiff;tif;png;wav;mfcribbon-ms</Extensions>
    </Filter>
    <Filter Include="Header Files\week-2">
      <UniqueIdentifier>{49d31e7e-aa5a-48ff-b9bd-0dbb8c5bf587}</UniqueIdentifier>
    </Filter>
    <Filter Include="Header Files\week-3">
      <UniqueIdentifier>{ac08cf24-ebae-466e-b2aa-abad9ec03e85}</UniqueIdentifier>
    </Filter>
    <Filter Include="Header Files\week-4">
      <UniqueIdentifier>{79a64ebc-3038-446d-8239-aec9c5fb1b0e}</UniqueIdentifier>
    </Filter>
    <Filter Include="Header Files\week-5">
      <UniqueIdentifier>{34d2d821-0a61-4aaa-86f8-f7dd38d72bc9}</UniqueIdentifier>
    </Filter>
  </ItemGroup>
  <ItemGroup>
    <ClInclude Include="week-2\bus_stops.h">
      <Filter>Header Files</Filter>
    </ClInclude>
    <ClInclude Include="week-2\dict_synonyms.h">
      <Filter>Header Files</Filter>
    </ClInclude>
    <ClInclude Include="week-2\guide_capitals.h">
      <Filter>Header Files</Filter>
    </ClInclude>
    <ClInclude Include="week-2\monthly_cases.h">
      <Filter>Header Files</Filter>
    </ClInclude>
    <ClInclude Include="week-2\simple_queue.h">
      <Filter>Header Files</Filter>
    </ClInclude>
    <ClInclude Include="week-3\names.h">
      <Filter>Header Files</Filter>
    </ClInclude>
    <ClInclude Include="week-4\invertible_function.h">
      <Filter>Header Files</Filter>
    </ClInclude>
    <ClInclude Include="week-4\list_students.h">
      <Filter>Header Files</Filter>
    </ClInclude>
    <ClInclude Include="week-4\Rational.h">
      <Filter>Header Files</Filter>
    </ClInclude>
    <ClInclude Include="week-5\simple-console-db.h">
      <Filter>Header Files</Filter>
    </ClInclude>
  </ItemGroup>
</Project>